// !$*UTF8*$!
{
	archiveVersion = 1;
	classes = {
	};
	objectVersion = 77;
	objects = {

/* Begin PBXBuildFile section */
		71473DF12F03068B000317CF /* FirebaseAppCheck in Frameworks */ = {isa = PBXBuildFile; productRef = 71473DF02F03068B000317CF /* FirebaseAppCheck */; };
		71473DF32F03068B000317CF /* FirebaseAppDistribution-Beta in Frameworks */ = {isa = PBXBuildFile; productRef = 71473DF22F03068B000317CF /* FirebaseAppDistribution-Beta */; };
		71473DF52F03068B000317CF /* FirebaseAuth in Frameworks */ = {isa = PBXBuildFile; productRef = 71473DF42F03068B000317CF /* FirebaseAuth */; };
		71473DF72F03068B000317CF /* FirebaseAuthCombine-Community in Frameworks */ = {isa = PBXBuildFile; productRef = 71473DF62F03068B000317CF /* FirebaseAuthCombine-Community */; };
		71473DF92F03068B000317CF /* FirebaseCore in Frameworks */ = {isa = PBXBuildFile; productRef = 71473DF82F03068B000317CF /* FirebaseCore */; };
		71473DFB2F03068B000317CF /* FirebaseDatabase in Frameworks */ = {isa = PBXBuildFile; productRef = 71473DFA2F03068B000317CF /* FirebaseDatabase */; };
		71473DFD2F03068B000317CF /* FirebaseFirestore in Frameworks */ = {isa = PBXBuildFile; productRef = 71473DFC2F03068B000317CF /* FirebaseFirestore */; };
		71473DFF2F03068B000317CF /* FirebaseFirestoreCombine-Community in Frameworks */ = {isa = PBXBuildFile; productRef = 71473DFE2F03068B000317CF /* FirebaseFirestoreCombine-Community */; };
		71473E012F03068B000317CF /* FirebaseFunctions in Frameworks */ = {isa = PBXBuildFile; productRef = 71473E002F03068B000317CF /* FirebaseFunctions */; };
		71473E032F03068B000317CF /* FirebaseFunctionsCombine-Community in Frameworks */ = {isa = PBXBuildFile; productRef = 71473E022F03068B000317CF /* FirebaseFunctionsCombine-Community */; };
		71473E052F03068B000317CF /* FirebaseInAppMessaging-Beta in Frameworks */ = {isa = PBXBuildFile; productRef = 71473E042F03068B000317CF /* FirebaseInAppMessaging-Beta */; };
		71473E072F03068B000317CF /* FirebaseInstallations in Frameworks */ = {isa = PBXBuildFile; productRef = 71473E062F03068B000317CF /* FirebaseInstallations */; };
		71473E092F03068B000317CF /* FirebaseMessaging in Frameworks */ = {isa = PBXBuildFile; productRef = 71473E082F03068B000317CF /* FirebaseMessaging */; };
		71473E0B2F03068B000317CF /* FirebaseRemoteConfig in Frameworks */ = {isa = PBXBuildFile; productRef = 71473E0A2F03068B000317CF /* FirebaseRemoteConfig */; };
		71473E0D2F03068B000317CF /* FirebaseStorage in Frameworks */ = {isa = PBXBuildFile; productRef = 71473E0C2F03068B000317CF /* FirebaseStorage */; };
		71473E0F2F03068B000317CF /* FirebaseStorageCombine-Community in Frameworks */ = {isa = PBXBuildFile; productRef = 71473E0E2F03068B000317CF /* FirebaseStorageCombine-Community */; };
/* End PBXBuildFile section */

/* Begin PBXFileReference section */
		71A80FF22F01EC2800EC7023 /* parallel.app */ = {isa = PBXFileReference; explicitFileType = wrapper.application; includeInIndex = 0; path = parallel.app; sourceTree = BUILT_PRODUCTS_DIR; };
/* End PBXFileReference section */

/* Begin PBXFileSystemSynchronizedBuildFileExceptionSet section */
		71A8103E2F0261E100EC7023 /* Exceptions for "parallel" folder in "parallel" target */ = {
			isa = PBXFileSystemSynchronizedBuildFileExceptionSet;
			membershipExceptions = (
				Info.plist,
			);
			target = 71A80FF12F01EC2800EC7023 /* parallel */;
		};
/* End PBXFileSystemSynchronizedBuildFileExceptionSet section */

/* Begin PBXFileSystemSynchronizedRootGroup section */
		71A80FF42F01EC2800EC7023 /* parallel */ = {
			isa = PBXFileSystemSynchronizedRootGroup;
			exceptions = (
				71A8103E2F0261E100EC7023 /* Exceptions for "parallel" folder in "parallel" target */,
			);
			path = parallel;
			sourceTree = "<group>";
		};
/* End PBXFileSystemSynchronizedRootGroup section */

/* Begin PBXFrameworksBuildPhase section */
		71A80FEF2F01EC2800EC7023 /* Frameworks */ = {
			isa = PBXFrameworksBuildPhase;
			buildActionMask = 2147483647;
			files = (
				71473DFB2F03068B000317CF /* FirebaseDatabase in Frameworks */,
				71473DFF2F03068B000317CF /* FirebaseFirestoreCombine-Community in Frameworks */,
				71473DF12F03068B000317CF /* FirebaseAppCheck in Frameworks */,
				71473E0B2F03068B000317CF /* FirebaseRemoteConfig in Frameworks */,
				71473E072F03068B000317CF /* FirebaseInstallations in Frameworks */,
				71473E032F03068B000317CF /* FirebaseFunctionsCombine-Community in Frameworks */,
				71473E012F03068B000317CF /* FirebaseFunctions in Frameworks */,
				71473DF92F03068B000317CF /* FirebaseCore in Frameworks */,
				71473E0D2F03068B000317CF /* FirebaseStorage in Frameworks */,
				71473E052F03068B000317CF /* FirebaseInAppMessaging-Beta in Frameworks */,
				71473E0F2F03068B000317CF /* FirebaseStorageCombine-Community in Frameworks */,
				71473E092F03068B000317CF /* FirebaseMessaging in Frameworks */,
				71473DF52F03068B000317CF /* FirebaseAuth in Frameworks */,
				71473DF32F03068B000317CF /* FirebaseAppDistribution-Beta in Frameworks */,
				71473DF72F03068B000317CF /* FirebaseAuthCombine-Community in Frameworks */,
				71473DFD2F03068B000317CF /* FirebaseFirestore in Frameworks */,
			);
			runOnlyForDeploymentPostprocessing = 0;
		};
/* End PBXFrameworksBuildPhase section */

/* Begin PBXGroup section */
		71A80FE92F01EC2800EC7023 = {
			isa = PBXGroup;
			children = (
				71A80FF42F01EC2800EC7023 /* parallel */,
				71A80FF32F01EC2800EC7023 /* Products */,
			);
			sourceTree = "<group>";
		};
		71A80FF32F01EC2800EC7023 /* Products */ = {
			isa = PBXGroup;
			children = (
				71A80FF22F01EC2800EC7023 /* parallel.app */,
			);
			name = Products;
			sourceTree = "<group>";
		};
/* End PBXGroup section */

/* Begin PBXNativeTarget section */
		71A80FF12F01EC2800EC7023 /* parallel */ = {
			isa = PBXNativeTarget;
			buildConfigurationList = 71A810022F01EC2B00EC7023 /* Build configuration list for PBXNativeTarget "parallel" */;
			buildPhases = (
				71A80FEE2F01EC2800EC7023 /* Sources */,
				71A80FEF2F01EC2800EC7023 /* Frameworks */,
				71A80FF02F01EC2800EC7023 /* Resources */,
			);
			buildRules = (
			);
			dependencies = (
			);
			fileSystemSynchronizedGroups = (
				71A80FF42F01EC2800EC7023 /* parallel */,
			);
			name = parallel;
			packageProductDependencies = (
				71473DF02F03068B000317CF /* FirebaseAppCheck */,
				71473DF22F03068B000317CF /* FirebaseAppDistribution-Beta */,
				71473DF42F03068B000317CF /* FirebaseAuth */,
				71473DF62F03068B000317CF /* FirebaseAuthCombine-Community */,
				71473DF82F03068B000317CF /* FirebaseCore */,
				71473DFA2F03068B000317CF /* FirebaseDatabase */,
				71473DFC2F03068B000317CF /* FirebaseFirestore */,
				71473DFE2F03068B000317CF /* FirebaseFirestoreCombine-Community */,
				71473E002F03068B000317CF /* FirebaseFunctions */,
				71473E022F03068B000317CF /* FirebaseFunctionsCombine-Community */,
				71473E042F03068B000317CF /* FirebaseInAppMessaging-Beta */,
				71473E062F03068B000317CF /* FirebaseInstallations */,
				71473E082F03068B000317CF /* FirebaseMessaging */,
				71473E0A2F03068B000317CF /* FirebaseRemoteConfig */,
				71473E0C2F03068B000317CF /* FirebaseStorage */,
				71473E0E2F03068B000317CF /* FirebaseStorageCombine-Community */,
			);
			productName = parallel;
			productReference = 71A80FF22F01EC2800EC7023 /* parallel.app */;
			productType = "com.apple.product-type.application";
		};
/* End PBXNativeTarget section */

/* Begin PBXProject section */
		71A80FEA2F01EC2800EC7023 /* Project object */ = {
			isa = PBXProject;
			attributes = {
				BuildIndependentTargetsInParallel = 1;
				LastSwiftUpdateCheck = 1620;
				LastUpgradeCheck = 1620;
				TargetAttributes = {
					71A80FF12F01EC2800EC7023 = {
						CreatedOnToolsVersion = 16.2;
					};
				};
			};
			buildConfigurationList = 71A80FED2F01EC2800EC7023 /* Build configuration list for PBXProject "parallel" */;
			developmentRegion = en;
			hasScannedForEncodings = 0;
			knownRegions = (
				en,
				Base,
			);
			mainGroup = 71A80FE92F01EC2800EC7023;
			minimizedProjectReferenceProxies = 1;
			packageReferences = (
				71473DEF2F03068B000317CF /* XCRemoteSwiftPackageReference "firebase-ios-sdk" */,
			);
			preferredProjectObjectVersion = 77;
			productRefGroup = 71A80FF32F01EC2800EC7023 /* Products */;
			projectDirPath = "";
			projectRoot = "";
			targets = (
				71A80FF12F01EC2800EC7023 /* parallel */,
			);
		};
/* End PBXProject section */

/* Begin PBXResourcesBuildPhase section */
		71A80FF02F01EC2800EC7023 /* Resources */ = {
			isa = PBXResourcesBuildPhase;
			buildActionMask = 2147483647;
			files = (
			);
			runOnlyForDeploymentPostprocessing = 0;
		};
/* End PBXResourcesBuildPhase section */

/* Begin PBXSourcesBuildPhase section */
		71A80FEE2F01EC2800EC7023 /* Sources */ = {
			isa = PBXSourcesBuildPhase;
			buildActionMask = 2147483647;
			files = (
			);
			runOnlyForDeploymentPostprocessing = 0;
		};
/* End PBXSourcesBuildPhase section */

/* Begin XCBuildConfiguration section */
		71A810002F01EC2B00EC7023 /* Debug */ = {
			isa = XCBuildConfiguration;
			buildSettings = {
				ALWAYS_SEARCH_USER_PATHS = NO;
				ASSETCATALOG_COMPILER_GENERATE_SWIFT_ASSET_SYMBOL_EXTENSIONS = YES;
				CLANG_ANALYZER_NONNULL = YES;
				CLANG_ANALYZER_NUMBER_OBJECT_CONVERSION = YES_AGGRESSIVE;
				CLANG_CXX_LANGUAGE_STANDARD = "gnu++20";
				CLANG_ENABLE_MODULES = YES;
				CLANG_ENABLE_OBJC_ARC = YES;
				CLANG_ENABLE_OBJC_WEAK = YES;
				CLANG_WARN_BLOCK_CAPTURE_AUTORELEASING = YES;
				CLANG_WARN_BOOL_CONVERSION = YES;
				CLANG_WARN_COMMA = YES;
				CLANG_WARN_CONSTANT_CONVERSION = YES;
				CLANG_WARN_DEPRECATED_OBJC_IMPLEMENTATIONS = YES;
				CLANG_WARN_DIRECT_OBJC_ISA_USAGE = YES_ERROR;
				CLANG_WARN_DOCUMENTATION_COMMENTS = YES;
				CLANG_WARN_EMPTY_BODY = YES;
				CLANG_WARN_ENUM_CONVERSION = YES;
				CLANG_WARN_INFINITE_RECURSION = YES;
				CLANG_WARN_INT_CONVERSION = YES;
				CLANG_WARN_NON_LITERAL_NULL_CONVERSION = YES;
				CLANG_WARN_OBJC_IMPLICIT_RETAIN_SELF = YES;
				CLANG_WARN_OBJC_LITERAL_CONVERSION = YES;
				CLANG_WARN_OBJC_ROOT_CLASS = YES_ERROR;
				CLANG_WARN_QUOTED_INCLUDE_IN_FRAMEWORK_HEADER = YES;
				CLANG_WARN_RANGE_LOOP_ANALYSIS = YES;
				CLANG_WARN_STRICT_PROTOTYPES = YES;
				CLANG_WARN_SUSPICIOUS_MOVE = YES;
				CLANG_WARN_UNGUARDED_AVAILABILITY = YES_AGGRESSIVE;
				CLANG_WARN_UNREACHABLE_CODE = YES;
				CLANG_WARN__DUPLICATE_METHOD_MATCH = YES;
				COPY_PHASE_STRIP = NO;
				DEBUG_INFORMATION_FORMAT = dwarf;
				ENABLE_STRICT_OBJC_MSGSEND = YES;
				ENABLE_TESTABILITY = YES;
				ENABLE_USER_SCRIPT_SANDBOXING = YES;
				GCC_C_LANGUAGE_STANDARD = gnu17;
				GCC_DYNAMIC_NO_PIC = NO;
				GCC_NO_COMMON_BLOCKS = YES;
				GCC_OPTIMIZATION_LEVEL = 0;
				GCC_PREPROCESSOR_DEFINITIONS = (
					"DEBUG=1",
					"$(inherited)",
				);
				GCC_WARN_64_TO_32_BIT_CONVERSION = YES;
				GCC_WARN_ABOUT_RETURN_TYPE = YES_ERROR;
				GCC_WARN_UNDECLARED_SELECTOR = YES;
				GCC_WARN_UNINITIALIZED_AUTOS = YES_AGGRESSIVE;
				GCC_WARN_UNUSED_FUNCTION = YES;
				GCC_WARN_UNUSED_VARIABLE = YES;
				IPHONEOS_DEPLOYMENT_TARGET = 18.2;
				LOCALIZATION_PREFERS_STRING_CATALOGS = YES;
				MTL_ENABLE_DEBUG_INFO = INCLUDE_SOURCE;
				MTL_FAST_MATH = YES;
				ONLY_ACTIVE_ARCH = YES;
				SDKROOT = iphoneos;
				SWIFT_ACTIVE_COMPILATION_CONDITIONS = "DEBUG $(inherited)";
				SWIFT_OPTIMIZATION_LEVEL = "-Onone";
			};
			name = Debug;
		};
		71A810012F01EC2B00EC7023 /* Release */ = {
			isa = XCBuildConfiguration;
			buildSettings = {
				ALWAYS_SEARCH_USER_PATHS = NO;
				ASSETCATALOG_COMPILER_GENERATE_SWIFT_ASSET_SYMBOL_EXTENSIONS = YES;
				CLANG_ANALYZER_NONNULL = YES;
				CLANG_ANALYZER_NUMBER_OBJECT_CONVERSION = YES_AGGRESSIVE;
				CLANG_CXX_LANGUAGE_STANDARD = "gnu++20";
				CLANG_ENABLE_MODULES = YES;
				CLANG_ENABLE_OBJC_ARC = YES;
				CLANG_ENABLE_OBJC_WEAK = YES;
				CLANG_WARN_BLOCK_CAPTURE_AUTORELEASING = YES;
				CLANG_WARN_BOOL_CONVERSION = YES;
				CLANG_WARN_COMMA = YES;
				CLANG_WARN_CONSTANT_CONVERSION = YES;
				CLANG_WARN_DEPRECATED_OBJC_IMPLEMENTATIONS = YES;
				CLANG_WARN_DIRECT_OBJC_ISA_USAGE = YES_ERROR;
				CLANG_WARN_DOCUMENTATION_COMMENTS = YES;
				CLANG_WARN_EMPTY_BODY = YES;
				CLANG_WARN_ENUM_CONVERSION = YES;
				CLANG_WARN_INFINITE_RECURSION = YES;
				CLANG_WARN_INT_CONVERSION = YES;
				CLANG_WARN_NON_LITERAL_NULL_CONVERSION = YES;
				CLANG_WARN_OBJC_IMPLICIT_RETAIN_SELF = YES;
				CLANG_WARN_OBJC_LITERAL_CONVERSION = YES;
				CLANG_WARN_OBJC_ROOT_CLASS = YES_ERROR;
				CLANG_WARN_QUOTED_INCLUDE_IN_FRAMEWORK_HEADER = YES;
				CLANG_WARN_RANGE_LOOP_ANALYSIS = YES;
				CLANG_WARN_STRICT_PROTOTYPES = YES;
				CLANG_WARN_SUSPICIOUS_MOVE = YES;
				CLANG_WARN_UNGUARDED_AVAILABILITY = YES_AGGRESSIVE;
				CLANG_WARN_UNREACHABLE_CODE = YES;
				CLANG_WARN__DUPLICATE_METHOD_MATCH = YES;
				COPY_PHASE_STRIP = NO;
				DEBUG_INFORMATION_FORMAT = "dwarf-with-dsym";
				ENABLE_NS_ASSERTIONS = NO;
				ENABLE_STRICT_OBJC_MSGSEND = YES;
				ENABLE_USER_SCRIPT_SANDBOXING = YES;
				GCC_C_LANGUAGE_STANDARD = gnu17;
				GCC_NO_COMMON_BLOCKS = YES;
				GCC_WARN_64_TO_32_BIT_CONVERSION = YES;
				GCC_WARN_ABOUT_RETURN_TYPE = YES_ERROR;
				GCC_WARN_UNDECLARED_SELECTOR = YES;
				GCC_WARN_UNINITIALIZED_AUTOS = YES_AGGRESSIVE;
				GCC_WARN_UNUSED_FUNCTION = YES;
				GCC_WARN_UNUSED_VARIABLE = YES;
				IPHONEOS_DEPLOYMENT_TARGET = 18.2;
				LOCALIZATION_PREFERS_STRING_CATALOGS = YES;
				MTL_ENABLE_DEBUG_INFO = NO;
				MTL_FAST_MATH = YES;
				SDKROOT = iphoneos;
				SWIFT_COMPILATION_MODE = wholemodule;
				VALIDATE_PRODUCT = YES;
			};
			name = Release;
		};
		71A810032F01EC2B00EC7023 /* Debug */ = {
			isa = XCBuildConfiguration;
			buildSettings = {
				ASSETCATALOG_COMPILER_APPICON_NAME = AppIcon;
				ASSETCATALOG_COMPILER_GLOBAL_ACCENT_COLOR_NAME = AccentColor;
				CODE_SIGN_ENTITLEMENTS = parallel/parallel.entitlements;
				CODE_SIGN_STYLE = Automatic;
				CURRENT_PROJECT_VERSION = 10;
				DEVELOPMENT_ASSET_PATHS = "\"parallel/Preview Content\"";
				DEVELOPMENT_TEAM = VZR89A8Z89;
				ENABLE_PREVIEWS = YES;
				GENERATE_INFOPLIST_FILE = YES;
				INFOPLIST_FILE = parallel/Info.plist;
				INFOPLIST_KEY_NSCameraUsageDescription = "We need access to your camera to capture photo moments.";
				INFOPLIST_KEY_NSMicrophoneUsageDescription = "Allow microphone?";
				INFOPLIST_KEY_NSPhotoLibraryUsageDescription = "We need access to your photos to share moments.";
				INFOPLIST_KEY_UIApplicationSceneManifest_Generation = YES;
				INFOPLIST_KEY_UIApplicationSupportsIndirectInputEvents = YES;
				INFOPLIST_KEY_UILaunchScreen_Generation = YES;
				INFOPLIST_KEY_UIStatusBarStyle = "";
				INFOPLIST_KEY_UISupportedInterfaceOrientations = "UIInterfaceOrientationPortrait UIInterfaceOrientationPortraitUpsideDown";
				INFOPLIST_KEY_UISupportedInterfaceOrientations_iPad = "UIInterfaceOrientationLandscapeLeft UIInterfaceOrientationLandscapeRight UIInterfaceOrientationPortrait UIInterfaceOrientationPortraitUpsideDown";
				LD_RUNPATH_SEARCH_PATHS = (
					"$(inherited)",
					"@executable_path/Frameworks",
				);
				MARKETING_VERSION = 1.0;
				PRODUCT_BUNDLE_IDENTIFIER = com.elmelz.parallel;
				PRODUCT_NAME = "$(TARGET_NAME)";
				SWIFT_EMIT_LOC_STRINGS = YES;
				SWIFT_VERSION = 5.0;
				TARGETED_DEVICE_FAMILY = "1,2";
			};
			name = Debug;
		};
		71A810042F01EC2B00EC7023 /* Release */ = {
			isa = XCBuildConfiguration;
			buildSettings = {
				ASSETCATALOG_COMPILER_APPICON_NAME = AppIcon;
				ASSETCATALOG_COMPILER_GLOBAL_ACCENT_COLOR_NAME = AccentColor;
				CODE_SIGN_ENTITLEMENTS = parallel/parallel.entitlements;
				CODE_SIGN_STYLE = Automatic;
				CURRENT_PROJECT_VERSION = 10;
				DEVELOPMENT_ASSET_PATHS = "\"parallel/Preview Content\"";
				DEVELOPMENT_TEAM = VZR89A8Z89;
				ENABLE_PREVIEWS = YES;
				GENERATE_INFOPLIST_FILE = YES;
				INFOPLIST_FILE = parallel/Info.plist;
				INFOPLIST_KEY_NSCameraUsageDescription = "We need access to your camera to capture photo moments.";
				INFOPLIST_KEY_NSMicrophoneUsageDescription = "Allow microphone?";
				INFOPLIST_KEY_NSPhotoLibraryUsageDescription = "We need access to your photos to share moments.";
				INFOPLIST_KEY_UIApplicationSceneManifest_Generation = YES;
				INFOPLIST_KEY_UIApplicationSupportsIndirectInputEvents = YES;
				INFOPLIST_KEY_UILaunchScreen_Generation = YES;
				INFOPLIST_KEY_UIStatusBarStyle = "";
				INFOPLIST_KEY_UISupportedInterfaceOrientations = "UIInterfaceOrientationPortrait UIInterfaceOrientationPortraitUpsideDown";
				INFOPLIST_KEY_UISupportedInterfaceOrientations_iPad = "UIInterfaceOrientationLandscapeLeft UIInterfaceOrientationLandscapeRight UIInterfaceOrientationPortrait UIInterfaceOrientationPortraitUpsideDown";
				LD_RUNPATH_SEARCH_PATHS = (
					"$(inherited)",
					"@executable_path/Frameworks",
				);
				MARKETING_VERSION = 1.0;
				PRODUCT_BUNDLE_IDENTIFIER = com.elmelz.parallel;
				PRODUCT_NAME = "$(TARGET_NAME)";
				SWIFT_EMIT_LOC_STRINGS = YES;
				SWIFT_VERSION = 5.0;
				TARGETED_DEVICE_FAMILY = "1,2";
			};
			name = Release;
		};
/* End XCBuildConfiguration section */

/* Begin XCConfigurationList section */
		71A80FED2F01EC2800EC7023 /* Build configuration list for PBXProject "parallel" */ = {
			isa = XCConfigurationList;
			buildConfigurations = (
				71A810002F01EC2B00EC7023 /* Debug */,
				71A810012F01EC2B00EC7023 /* Release */,
			);
			defaultConfigurationIsVisible = 0;
			defaultConfigurationName = Release;
		};
		71A810022F01EC2B00EC7023 /* Build configuration list for PBXNativeTarget "parallel" */ = {
			isa = XCConfigurationList;
			buildConfigurations = (
				71A810032F01EC2B00EC7023 /* Debug */,
				71A810042F01EC2B00EC7023 /* Release */,
			);
			defaultConfigurationIsVisible = 0;
			defaultConfigurationName = Release;
		};
/* End XCConfigurationList section */

/* Begin XCRemoteSwiftPackageReference section */
		71473DEF2F03068B000317CF /* XCRemoteSwiftPackageReference "firebase-ios-sdk" */ = {
			isa = XCRemoteSwiftPackageReference;
			repositoryURL = "https://github.com/firebase/firebase-ios-sdk";
			requirement = {
				kind = upToNextMajorVersion;
				minimumVersion = 12.7.0;
			};
		};
/* End XCRemoteSwiftPackageReference section */

/* Begin XCSwiftPackageProductDependency section */
		71473DF02F03068B000317CF /* FirebaseAppCheck */ = {
			isa = XCSwiftPackageProductDependency;
			package = 71473DEF2F03068B000317CF /* XCRemoteSwiftPackageReference "firebase-ios-sdk" */;
			productName = FirebaseAppCheck;
		};
		71473DF22F03068B000317CF /* FirebaseAppDistribution-Beta */ = {
			isa = XCSwiftPackageProductDependency;
			package = 71473DEF2F03068B000317CF /* XCRemoteSwiftPackageReference "firebase-ios-sdk" */;
			productName = "FirebaseAppDistribution-Beta";
		};
		71473DF42F03068B000317CF /* FirebaseAuth */ = {
			isa = XCSwiftPackageProductDependency;
			package = 71473DEF2F03068B000317CF /* XCRemoteSwiftPackageReference "firebase-ios-sdk" */;
			productName = FirebaseAuth;
		};
		71473DF62F03068B000317CF /* FirebaseAuthCombine-Community */ = {
			isa = XCSwiftPackageProductDependency;
			package = 71473DEF2F03068B000317CF /* XCRemoteSwiftPackageReference "firebase-ios-sdk" */;
			productName = "FirebaseAuthCombine-Community";
		};
		71473DF82F03068B000317CF /* FirebaseCore */ = {
			isa = XCSwiftPackageProductDependency;
			package = 71473DEF2F03068B000317CF /* XCRemoteSwiftPackageReference "firebase-ios-sdk" */;
			productName = FirebaseCore;
		};
		71473DFA2F03068B000317CF /* FirebaseDatabase */ = {
			isa = XCSwiftPackageProductDependency;
			package = 71473DEF2F03068B000317CF /* XCRemoteSwiftPackageReference "firebase-ios-sdk" */;
			productName = FirebaseDatabase;
		};
		71473DFC2F03068B000317CF /* FirebaseFirestore */ = {
			isa = XCSwiftPackageProductDependency;
			package = 71473DEF2F03068B000317CF /* XCRemoteSwiftPackageReference "firebase-ios-sdk" */;
			productName = FirebaseFirestore;
		};
		71473DFE2F03068B000317CF /* FirebaseFirestoreCombine-Community */ = {
			isa = XCSwiftPackageProductDependency;
			package = 71473DEF2F03068B000317CF /* XCRemoteSwiftPackageReference "firebase-ios-sdk" */;
			productName = "FirebaseFirestoreCombine-Community";
		};
		71473E002F03068B000317CF /* FirebaseFunctions */ = {
			isa = XCSwiftPackageProductDependency;
			package = 71473DEF2F03068B000317CF /* XCRemoteSwiftPackageReference "firebase-ios-sdk" */;
			productName = FirebaseFunctions;
		};
		71473E022F03068B000317CF /* FirebaseFunctionsCombine-Community */ = {
			isa = XCSwiftPackageProductDependency;
			package = 71473DEF2F03068B000317CF /* XCRemoteSwiftPackageReference "firebase-ios-sdk" */;
			productName = "FirebaseFunctionsCombine-Community";
		};
		71473E042F03068B000317CF /* FirebaseInAppMessaging-Beta */ = {
			isa = XCSwiftPackageProductDependency;
			package = 71473DEF2F03068B000317CF /* XCRemoteSwiftPackageReference "firebase-ios-sdk" */;
			productName = "FirebaseInAppMessaging-Beta";
		};
		71473E062F03068B000317CF /* FirebaseInstallations */ = {
			isa = XCSwiftPackageProductDependency;
			package = 71473DEF2F03068B000317CF /* XCRemoteSwiftPackageReference "firebase-ios-sdk" */;
			productName = FirebaseInstallations;
		};
		71473E082F03068B000317CF /* FirebaseMessaging */ = {
			isa = XCSwiftPackageProductDependency;
			package = 71473DEF2F03068B000317CF /* XCRemoteSwiftPackageReference "firebase-ios-sdk" */;
			productName = FirebaseMessaging;
		};
		71473E0A2F03068B000317CF /* FirebaseRemoteConfig */ = {
			isa = XCSwiftPackageProductDependency;
			package = 71473DEF2F03068B000317CF /* XCRemoteSwiftPackageReference "firebase-ios-sdk" */;
			productName = FirebaseRemoteConfig;
		};
		71473E0C2F03068B000317CF /* FirebaseStorage */ = {
			isa = XCSwiftPackageProductDependency;
			package = 71473DEF2F03068B000317CF /* XCRemoteSwiftPackageReference "firebase-ios-sdk" */;
			productName = FirebaseStorage;
		};
		71473E0E2F03068B000317CF /* FirebaseStorageCombine-Community */ = {
			isa = XCSwiftPackageProductDependency;
			package = 71473DEF2F03068B000317CF /* XCRemoteSwiftPackageReference "firebase-ios-sdk" */;
			productName = "FirebaseStorageCombine-Community";
		};
/* End XCSwiftPackageProductDependency section */
	};
	rootObject = 71A80FEA2F01EC2800EC7023 /* Project object */;
}
